{
  "name": "SQLFiddle",
  "version": "3.0.0",
  "lockfileVersion": 1,
  "requires": true,
  "dependencies": {
    "almond": {
      "version": "0.3.0",
      "resolved": "https://registry.npmjs.org/almond/-/almond-0.3.0.tgz",
      "integrity": "sha1-cBUQwxA4NU+F6jFBC4n/M5IFgBQ=",
      "dev": true
    },
    "amdefine": {
      "version": "1.0.1",
      "resolved": "https://registry.npmjs.org/amdefine/-/amdefine-1.0.1.tgz",
      "integrity": "sha1-SlKCrBZHKek2Gbz9OtFR+BfOkfU=",
      "dev": true,
      "optional": true
    },
    "async": {
      "version": "0.2.10",
      "resolved": "https://registry.npmjs.org/async/-/async-0.2.10.tgz",
      "integrity": "sha1-trvgsGdLnXGXCMo43owjfLUmw9E=",
      "dev": true,
      "optional": true
    },
    "backbone": {
      "version": "1.1.2",
      "resolved": "https://registry.npmjs.org/backbone/-/backbone-1.1.2.tgz",
      "integrity": "sha1-wsBMZr+HJo+4LBd6zr7/fTe6by0=",
      "dev": true,
      "requires": {
        "underscore": ">=1.5.0"
      }
    },
    "block-ui": {
      "version": "2.70.1",
      "resolved": "https://registry.npmjs.org/block-ui/-/block-ui-2.70.1.tgz",
      "integrity": "sha1-yGLWTuYoj7eBIzd8ZoC8erJiED8=",
      "dev": true,
      "requires": {
        "jquery": ">=1.7.x"
      }
    },
    "blueimp-md5": {
      "version": "1.1.0",
      "resolved": "https://registry.npmjs.org/blueimp-md5/-/blueimp-md5-1.1.0.tgz",
      "integrity": "sha1-BB7XlIYvPF8oRygqdIEynx0jUs0=",
      "dev": true
    },
    "codemirror": {
      "version": "5.27.4",
      "resolved": "https://registry.npmjs.org/codemirror/-/codemirror-5.27.4.tgz",
      "integrity": "sha512-oOpSTMT3gj27u8NSkkrciuIpCqID3dvb8UGpS7eEm/F1x1DVinp6+ROLR+B8hXdxqVFpCl2NrR2BQe7zd3uH7g==",
      "dev": true
    },
    "handlebars": {
      "version": "2.0.0",
      "resolved": "https://registry.npmjs.org/handlebars/-/handlebars-2.0.0.tgz",
      "integrity": "sha1-bp1/hRSjRn+l6fgswVjs/B1ax28=",
      "dev": true,
      "requires": {
        "optimist": "~0.3",
        "uglify-js": "~2.3"
      }
    },
    "jquery": {
      "version": "1.12.4",
      "resolved": "https://registry.npmjs.org/jquery/-/jquery-1.12.4.tgz",
      "integrity": "sha1-AeHfuikP5z3rp3zurLD5ui/sngw=",
      "dev": true
    },
    "jquery.cookie": {
      "version": "1.4.1",
      "resolved": "https://registry.npmjs.org/jquery.cookie/-/jquery.cookie-1.4.1.tgz",
      "integrity": "sha1-1j3OIJ6raR/mMxbbCMqeR+D5OFs=",
      "dev": true
    },
    "lodash": {
      "version": "3.9.3",
      "resolved": "https://registry.npmjs.org/lodash/-/lodash-3.9.3.tgz",
      "integrity": "sha1-AVnoaDL+/8bWHYUrEqlTuZSWvTI=",
      "dev": true
    },
    "optimist": {
      "version": "0.3.7",
      "resolved": "https://registry.npmjs.org/optimist/-/optimist-0.3.7.tgz",
      "integrity": "sha1-yQlBrVnkJzMokjB00s8ufLxuwNk=",
      "dev": true,
      "requires": {
        "wordwrap": "~0.0.2"
      }
    },
    "requirejs": {
      "version": "2.3.6",
      "resolved": "https://registry.npmjs.org/requirejs/-/requirejs-2.3.6.tgz",
      "integrity": "sha512-ipEzlWQe6RK3jkzikgCupiTbTvm4S0/CAU5GlgptkN5SO6F3u0UD0K18wy6ErDqiCyP4J4YYe1HuAShvsxePLg=="
    },
    "requirejs-text": {
      "version": "2.0.12",
      "resolved": "https://registry.npmjs.org/requirejs-text/-/requirejs-text-2.0.12.tgz",
      "integrity": "sha1-15FdUOMO81WlOoEj8SpedgpgHrg=",
      "dev": true
    },
    "source-map": {
      "version": "0.1.43",
      "resolved": "https://registry.npmjs.org/source-map/-/source-map-0.1.43.tgz",
      "integrity": "sha1-wkvBRspRfBRx9drL4lcbK3+eM0Y=",
      "dev": true,
      "optional": true,
      "requires": {
        "amdefine": ">=0.0.4"
      }
    },
    "sql.js": {
      "version": "0.4.0",
      "resolved": "https://registry.npmjs.org/sql.js/-/sql.js-0.4.0.tgz",
      "integrity": "sha1-I76WNVIOsP9Dp0Hn6DA5cmbohEU=",
      "dev": true
    },
    "swagger-ui-dist": {
      "version": "3.5.0",
      "resolved": "https://registry.npmjs.org/swagger-ui-dist/-/swagger-ui-dist-3.5.0.tgz",
      "integrity": "sha1-JuvzMRqaYP6dFwYS7tUoKmW8kiY=",
      "dev": true
    },
    "uglify-js": {
      "version": "2.3.6",
      "resolved": "https://registry.npmjs.org/uglify-js/-/uglify-js-2.3.6.tgz",
      "integrity": "sha1-+gmEdwtCi3qbKoBY9GNV0U/vIRo=",
      "dev": true,
      "optional": true,
      "requires": {
        "async": "~0.2.6",
        "optimist": "~0.3.5",
        "source-map": "~0.1.7"
      }
    },
    "underscore": {
      "version": "1.11.0",
      "resolved": "https://registry.npmjs.org/underscore/-/underscore-1.11.0.tgz",
      "integrity": "sha512-xY96SsN3NA461qIRKZ/+qox37YXPtSBswMGfiNptr+wrt6ds4HaMw23TP612fEyGekRE6LNRiLYr/aqbHXNedw==",
      "dev": true
    },
    "wordwrap": {
      "version": "0.0.3",
      "resolved": "https://registry.npmjs.org/wordwrap/-/wordwrap-0.0.3.tgz",
      "integrity": "sha1-o9XabNXAvAAI03I0u68b7WMFkQc=",
      "dev": true
    }
  }
}
